
Microsoft Visual Studio Solution File, Format Version 12.00
# Visual Studio Version 16
VisualStudioVersion = 16.0.29324.140
MinimumVisualStudioVersion = 10.0.40219.1
Project("{8BC9CEB8-8B4A-11D0-8D11-00A0C91BC942}") = "Laba_1", "Laba_1\Laba_1.vcxproj", "{2D7B9ABF-DD0E-4B74-827A-5E251E7B236C}"
EndProject
Project("{FAE04EC0-301F-11D3-BF4B-00C04F79EFBC}") = "C_sharp_proga", "C_sharp_proga\C_sharp_proga.csproj", "{DCC16E9A-C41E-491A-931E-4FE9CB5C6F82}"
EndProject
Global
	GlobalSection(SolutionConfigurationPlatforms) = preSolution
		Debug|Any CPU = Debug|Any CPU
		Debug|x64 = Debug|x64
		Debug|x86 = Debug|x86
		Release|Any CPU = Release|Any CPU
		Release|x64 = Release|x64
		Release|x86 = Release|x86
	EndGlobalSection
	GlobalSection(ProjectConfigurationPlatforms) = postSolution
		{2D7B9ABF-DD0E-4B74-827A-5E251E7B236C}.Debug|Any CPU.ActiveCfg = Debug|Win32
		{2D7B9ABF-DD0E-4B74-827A-5E251E7B236C}.Debug|x64.ActiveCfg = Debug|x64
		{2D7B9ABF-DD0E-4B74-827A-5E251E7B236C}.Debug|x64.Build.0 = Debug|x64
		{2D7B9ABF-DD0E-4B74-827A-5E251E7B236C}.Debug|x86.ActiveCfg = Debug|Win32
		{2D7B9ABF-DD0E-4B74-827A-5E251E7B236C}.Debug|x86.Build.0 = Debug|Win32
		{2D7B9ABF-DD0E-4B74-827A-5E251E7B236C}.Release|Any CPU.ActiveCfg = Release|Win32
		{2D7B9ABF-DD0E-4B74-827A-5E251E7B236C}.Release|x64.ActiveCfg = Release|x64
		{2D7B9ABF-DD0E-4B74-827A-5E251E7B236C}.Release|x64.Build.0 = Release|x64
		{2D7B9ABF-DD0E-4B74-827A-5E251E7B236C}.Release|x86.ActiveCfg = Release|Win32
		{2D7B9ABF-DD0E-4B74-827A-5E251E7B236C}.Release|x86.Build.0 = Release|Win32
		{DCC16E9A-C41E-491A-931E-4FE9CB5C6F82}.Debug|Any CPU.ActiveCfg = Debug|Any CPU
		{DCC16E9A-C41E-491A-931E-4FE9CB5C6F82}.Debug|Any CPU.Build.0 = Debug|Any CPU
		{DCC16E9A-C41E-491A-931E-4FE9CB5C6F82}.Debug|x64.ActiveCfg = Debug|Any CPU
		{DCC16E9A-C41E-491A-931E-4FE9CB5C6F82}.Debug|x64.Build.0 = Debug|Any CPU
		{DCC16E9A-C41E-491A-931E-4FE9CB5C6F82}.Debug|x86.ActiveCfg = Debug|Any CPU
		{DCC16E9A-C41E-491A-931E-4FE9CB5C6F82}.Debug|x86.Build.0 = Debug|Any CPU
		{DCC16E9A-C41E-491A-931E-4FE9CB5C6F82}.Release|Any CPU.ActiveCfg = Release|Any CPU
		{DCC16E9A-C41E-491A-931E-4FE9CB5C6F82}.Release|Any CPU.Build.0 = Release|Any CPU
		{DCC16E9A-C41E-491A-931E-4FE9CB5C6F82}.Release|x64.ActiveCfg = Release|Any CPU
		{DCC16E9A-C41E-491A-931E-4FE9CB5C6F82}.Release|x64.Build.0 = Release|Any CPU
		{DCC16E9A-C41E-491A-931E-4FE9CB5C6F82}.Release|x86.ActiveCfg = Release|Any CPU
		{DCC16E9A-C41E-491A-931E-4FE9CB5C6F82}.Release|x86.Build.0 = Release|Any CPU
	EndGlobalSection
	GlobalSection(SolutionProperties) = preSolution
		HideSolutionNode = FALSE
	EndGlobalSection
	GlobalSection(ExtensibilityGlobals) = postSolution
		SolutionGuid = {1E0DE7D5-DBCF-45D2-9A9E-2732AEC32982}
	EndGlobalSection
EndGlobal
