
Microsoft Visual Studio Solution File, Format Version 12.00
# Visual Studio Version 16
VisualStudioVersion = 16.0.29324.140
MinimumVisualStudioVersion = 10.0.40219.1
Project("{8BC9CEB8-8B4A-11D0-8D11-00A0C91BC942}") = "OOP_lab_04", "OOP_lab_04\OOP_lab_04.vcxproj", "{1352A0E1-2272-45BF-A837-AC72BCAB50BC}"
EndProject
Project("{9A19103F-16F7-4668-BE54-9A1E7A4F7556}") = "Lab_c_sharp", "lab_C++\Lab_c_sharp.csproj", "{84B4BEB8-CF6B-45AB-91A6-E20A4DCBA212}"
EndProject
Global
	GlobalSection(SolutionConfigurationPlatforms) = preSolution
		Debug|Any CPU = Debug|Any CPU
		Debug|x64 = Debug|x64
		Debug|x86 = Debug|x86
		Release|Any CPU = Release|Any CPU
		Release|x64 = Release|x64
		Release|x86 = Release|x86
	EndGlobalSection
	GlobalSection(ProjectConfigurationPlatforms) = postSolution
		{1352A0E1-2272-45BF-A837-AC72BCAB50BC}.Debug|Any CPU.ActiveCfg = Debug|Win32
		{1352A0E1-2272-45BF-A837-AC72BCAB50BC}.Debug|x64.ActiveCfg = Debug|x64
		{1352A0E1-2272-45BF-A837-AC72BCAB50BC}.Debug|x64.Build.0 = Debug|x64
		{1352A0E1-2272-45BF-A837-AC72BCAB50BC}.Debug|x86.ActiveCfg = Debug|Win32
		{1352A0E1-2272-45BF-A837-AC72BCAB50BC}.Debug|x86.Build.0 = Debug|Win32
		{1352A0E1-2272-45BF-A837-AC72BCAB50BC}.Release|Any CPU.ActiveCfg = Release|Win32
		{1352A0E1-2272-45BF-A837-AC72BCAB50BC}.Release|x64.ActiveCfg = Release|x64
		{1352A0E1-2272-45BF-A837-AC72BCAB50BC}.Release|x64.Build.0 = Release|x64
		{1352A0E1-2272-45BF-A837-AC72BCAB50BC}.Release|x86.ActiveCfg = Release|Win32
		{1352A0E1-2272-45BF-A837-AC72BCAB50BC}.Release|x86.Build.0 = Release|Win32
		{84B4BEB8-CF6B-45AB-91A6-E20A4DCBA212}.Debug|Any CPU.ActiveCfg = Debug|Any CPU
		{84B4BEB8-CF6B-45AB-91A6-E20A4DCBA212}.Debug|Any CPU.Build.0 = Debug|Any CPU
		{84B4BEB8-CF6B-45AB-91A6-E20A4DCBA212}.Debug|x64.ActiveCfg = Debug|Any CPU
		{84B4BEB8-CF6B-45AB-91A6-E20A4DCBA212}.Debug|x64.Build.0 = Debug|Any CPU
		{84B4BEB8-CF6B-45AB-91A6-E20A4DCBA212}.Debug|x86.ActiveCfg = Debug|Any CPU
		{84B4BEB8-CF6B-45AB-91A6-E20A4DCBA212}.Debug|x86.Build.0 = Debug|Any CPU
		{84B4BEB8-CF6B-45AB-91A6-E20A4DCBA212}.Release|Any CPU.ActiveCfg = Release|Any CPU
		{84B4BEB8-CF6B-45AB-91A6-E20A4DCBA212}.Release|Any CPU.Build.0 = Release|Any CPU
		{84B4BEB8-CF6B-45AB-91A6-E20A4DCBA212}.Release|x64.ActiveCfg = Release|Any CPU
		{84B4BEB8-CF6B-45AB-91A6-E20A4DCBA212}.Release|x64.Build.0 = Release|Any CPU
		{84B4BEB8-CF6B-45AB-91A6-E20A4DCBA212}.Release|x86.ActiveCfg = Release|Any CPU
		{84B4BEB8-CF6B-45AB-91A6-E20A4DCBA212}.Release|x86.Build.0 = Release|Any CPU
	EndGlobalSection
	GlobalSection(SolutionProperties) = preSolution
		HideSolutionNode = FALSE
	EndGlobalSection
	GlobalSection(ExtensibilityGlobals) = postSolution
		SolutionGuid = {475781CA-FFAE-48E4-84AE-61250F4BFC1F}
	EndGlobalSection
EndGlobal
